// !$*UTF8*$!
{
	archiveVersion = 1;
	classes = {
	};
	objectVersion = 46;
	objects = {

/* Begin PBXBuildFile section */
		D99741761651D42F0034ABB0 /* UIKit.framework in Frameworks */ = {isa = PBXBuildFile; fileRef = D99741751651D42F0034ABB0 /* UIKit.framework */; };
		D99741781651D42F0034ABB0 /* Foundation.framework in Frameworks */ = {isa = PBXBuildFile; fileRef = D99741771651D42F0034ABB0 /* Foundation.framework */; };
		D997417A1651D42F0034ABB0 /* CoreGraphics.framework in Frameworks */ = {isa = PBXBuildFile; fileRef = D99741791651D42F0034ABB0 /* CoreGraphics.framework */; };
		D99741801651D42F0034ABB0 /* InfoPlist.strings in Resources */ = {isa = PBXBuildFile; fileRef = D997417E1651D42F0034ABB0 /* InfoPlist.strings */; };
		D99741821651D42F0034ABB0 /* main.m in Sources */ = {isa = PBXBuildFile; fileRef = D99741811651D42F0034ABB0 /* main.m */; };
		D99741861651D42F0034ABB0 /* OWAppDelegate.m in Sources */ = {isa = PBXBuildFile; fileRef = D99741851651D42F0034ABB0 /* OWAppDelegate.m */; };
		D99741881651D42F0034ABB0 /* Default.png in Resources */ = {isa = PBXBuildFile; fileRef = D99741871651D42F0034ABB0 /* Default.png */; };
		D997418A1651D42F0034ABB0 /* Default@2x.png in Resources */ = {isa = PBXBuildFile; fileRef = D99741891651D42F0034ABB0 /* Default@2x.png */; };
		D997418C1651D42F0034ABB0 /* Default-568h@2x.png in Resources */ = {isa = PBXBuildFile; fileRef = D997418B1651D42F0034ABB0 /* Default-568h@2x.png */; };
		D997419D1651D8520034ABB0 /* OWLoginViewController.m in Sources */ = {isa = PBXBuildFile; fileRef = D997419C1651D8520034ABB0 /* OWLoginViewController.m */; };
		D99741A11651DB0B0034ABB0 /* OWSettingsViewController.m in Sources */ = {isa = PBXBuildFile; fileRef = D99741A01651DB0B0034ABB0 /* OWSettingsViewController.m */; };
		D9D2E14F1652D7B80000E7C5 /* OWInLineTextEditTableViewCell.m in Sources */ = {isa = PBXBuildFile; fileRef = D9D2E14E1652D7B80000E7C5 /* OWInLineTextEditTableViewCell.m */; };
		D9D2E16A1652EA8B0000E7C5 /* SSKeychain.m in Sources */ = {isa = PBXBuildFile; fileRef = D9D2E1581652EA8A0000E7C5 /* SSKeychain.m */; };
		D9D2E1781652EC140000E7C5 /* OWSettingsController.m in Sources */ = {isa = PBXBuildFile; fileRef = D9D2E1771652EC140000E7C5 /* OWSettingsController.m */; };
		D9D2E17B1652EC850000E7C5 /* OWAccount.m in Sources */ = {isa = PBXBuildFile; fileRef = D9D2E17A1652EC850000E7C5 /* OWAccount.m */; };
		D9D2E1811652F8DA0000E7C5 /* Security.framework in Frameworks */ = {isa = PBXBuildFile; fileRef = D9D2E1801652F8DA0000E7C5 /* Security.framework */; };
		D9D2E1881653236E0000E7C5 /* OWCaptureViewController.m in Sources */ = {isa = PBXBuildFile; fileRef = D9D2E1871653236E0000E7C5 /* OWCaptureViewController.m */; };
		D9D2E18F165325280000E7C5 /* OWVideoProcessor.m in Sources */ = {isa = PBXBuildFile; fileRef = D9D2E18E165325280000E7C5 /* OWVideoProcessor.m */; };
		D9D2E194165326A20000E7C5 /* OWAppleEncoder.m in Sources */ = {isa = PBXBuildFile; fileRef = D9D2E191165326A10000E7C5 /* OWAppleEncoder.m */; };
		D9D2E195165326A20000E7C5 /* OWCaptureAPIClient.m in Sources */ = {isa = PBXBuildFile; fileRef = D9D2E193165326A20000E7C5 /* OWCaptureAPIClient.m */; };
		D9D2E19E165326BC0000E7C5 /* OWRecording.m in Sources */ = {isa = PBXBuildFile; fileRef = D9D2E197165326BA0000E7C5 /* OWRecording.m */; };
		D9D2E19F165326BC0000E7C5 /* OWRecordingController.m in Sources */ = {isa = PBXBuildFile; fileRef = D9D2E199165326BB0000E7C5 /* OWRecordingController.m */; };
		D9D2E1A0165326BC0000E7C5 /* OWRecordingListViewController.m in Sources */ = {isa = PBXBuildFile; fileRef = D9D2E19B165326BB0000E7C5 /* OWRecordingListViewController.m */; };
		D9D2E1A1165326BC0000E7C5 /* OWSegmentingAppleEncoder.m in Sources */ = {isa = PBXBuildFile; fileRef = D9D2E19D165326BC0000E7C5 /* OWSegmentingAppleEncoder.m */; };
		D9D2E1B6165328BB0000E7C5 /* AFHTTPClient.m in Sources */ = {isa = PBXBuildFile; fileRef = D9D2E1A4165328BB0000E7C5 /* AFHTTPClient.m */; };
		D9D2E1B7165328BB0000E7C5 /* AFHTTPRequestOperation.m in Sources */ = {isa = PBXBuildFile; fileRef = D9D2E1A6165328BB0000E7C5 /* AFHTTPRequestOperation.m */; };
		D9D2E1B8165328BB0000E7C5 /* AFImageRequestOperation.m in Sources */ = {isa = PBXBuildFile; fileRef = D9D2E1A8165328BB0000E7C5 /* AFImageRequestOperation.m */; };
		D9D2E1B9165328BB0000E7C5 /* AFJSONRequestOperation.m in Sources */ = {isa = PBXBuildFile; fileRef = D9D2E1AA165328BB0000E7C5 /* AFJSONRequestOperation.m */; };
		D9D2E1BA165328BB0000E7C5 /* AFNetworkActivityIndicatorManager.m in Sources */ = {isa = PBXBuildFile; fileRef = D9D2E1AC165328BB0000E7C5 /* AFNetworkActivityIndicatorManager.m */; };
		D9D2E1BB165328BB0000E7C5 /* AFPropertyListRequestOperation.m in Sources */ = {isa = PBXBuildFile; fileRef = D9D2E1AF165328BB0000E7C5 /* AFPropertyListRequestOperation.m */; };
		D9D2E1BC165328BB0000E7C5 /* AFURLConnectionOperation.m in Sources */ = {isa = PBXBuildFile; fileRef = D9D2E1B1165328BB0000E7C5 /* AFURLConnectionOperation.m */; };
		D9D2E1BD165328BB0000E7C5 /* AFXMLRequestOperation.m in Sources */ = {isa = PBXBuildFile; fileRef = D9D2E1B3165328BB0000E7C5 /* AFXMLRequestOperation.m */; };
		D9D2E1BE165328BB0000E7C5 /* UIImageView+AFNetworking.m in Sources */ = {isa = PBXBuildFile; fileRef = D9D2E1B5165328BB0000E7C5 /* UIImageView+AFNetworking.m */; };
		D9D2E1C5165328CC0000E7C5 /* JSONKit.m in Sources */ = {isa = PBXBuildFile; fileRef = D9D2E1C2165328CC0000E7C5 /* JSONKit.m */; settings = {COMPILER_FLAGS = "-fno-objc-arc"; }; };
		D9D2E1FF165328DE0000E7C5 /* MBProgressHUD.m in Sources */ = {isa = PBXBuildFile; fileRef = D9D2E1E3165328DE0000E7C5 /* MBProgressHUD.m */; };
		D9D2E209165329000000E7C5 /* MobileCoreServices.framework in Frameworks */ = {isa = PBXBuildFile; fileRef = D9D2E208165328FF0000E7C5 /* MobileCoreServices.framework */; };
		D9D2E20F165329280000E7C5 /* SystemConfiguration.framework in Frameworks */ = {isa = PBXBuildFile; fileRef = D9D2E20E165329280000E7C5 /* SystemConfiguration.framework */; };
		D9D2E211165329370000E7C5 /* CoreMedia.framework in Frameworks */ = {isa = PBXBuildFile; fileRef = D9D2E210165329370000E7C5 /* CoreMedia.framework */; };
		D9D2E2131653293B0000E7C5 /* CoreVideo.framework in Frameworks */ = {isa = PBXBuildFile; fileRef = D9D2E2121653293B0000E7C5 /* CoreVideo.framework */; };
		D9D2E215165329410000E7C5 /* CoreLocation.framework in Frameworks */ = {isa = PBXBuildFile; fileRef = D9D2E214165329410000E7C5 /* CoreLocation.framework */; };
		D9D2E21716532A6B0000E7C5 /* AVFoundation.framework in Frameworks */ = {isa = PBXBuildFile; fileRef = D9D2E21616532A6A0000E7C5 /* AVFoundation.framework */; };
/* End PBXBuildFile section */

/* Begin PBXFileReference section */
		D99741711651D42F0034ABB0 /* OpenWatch.app */ = {isa = PBXFileReference; explicitFileType = wrapper.application; includeInIndex = 0; path = OpenWatch.app; sourceTree = BUILT_PRODUCTS_DIR; };
		D99741751651D42F0034ABB0 /* UIKit.framework */ = {isa = PBXFileReference; lastKnownFileType = wrapper.framework; name = UIKit.framework; path = System/Library/Frameworks/UIKit.framework; sourceTree = SDKROOT; };
		D99741771651D42F0034ABB0 /* Foundation.framework */ = {isa = PBXFileReference; lastKnownFileType = wrapper.framework; name = Foundation.framework; path = System/Library/Frameworks/Foundation.framework; sourceTree = SDKROOT; };
		D99741791651D42F0034ABB0 /* CoreGraphics.framework */ = {isa = PBXFileReference; lastKnownFileType = wrapper.framework; name = CoreGraphics.framework; path = System/Library/Frameworks/CoreGraphics.framework; sourceTree = SDKROOT; };
		D997417D1651D42F0034ABB0 /* OpenWatch-Info.plist */ = {isa = PBXFileReference; lastKnownFileType = text.plist.xml; path = "OpenWatch-Info.plist"; sourceTree = "<group>"; };
		D997417F1651D42F0034ABB0 /* en */ = {isa = PBXFileReference; lastKnownFileType = text.plist.strings; name = en; path = en.lproj/InfoPlist.strings; sourceTree = "<group>"; };
		D99741811651D42F0034ABB0 /* main.m */ = {isa = PBXFileReference; lastKnownFileType = sourcecode.c.objc; path = main.m; sourceTree = "<group>"; };
		D99741831651D42F0034ABB0 /* OpenWatch-Prefix.pch */ = {isa = PBXFileReference; lastKnownFileType = sourcecode.c.h; path = "OpenWatch-Prefix.pch"; sourceTree = "<group>"; };
		D99741841651D42F0034ABB0 /* OWAppDelegate.h */ = {isa = PBXFileReference; lastKnownFileType = sourcecode.c.h; path = OWAppDelegate.h; sourceTree = "<group>"; };
		D99741851651D42F0034ABB0 /* OWAppDelegate.m */ = {isa = PBXFileReference; lastKnownFileType = sourcecode.c.objc; path = OWAppDelegate.m; sourceTree = "<group>"; };
		D99741871651D42F0034ABB0 /* Default.png */ = {isa = PBXFileReference; lastKnownFileType = image.png; path = Default.png; sourceTree = "<group>"; };
		D99741891651D42F0034ABB0 /* Default@2x.png */ = {isa = PBXFileReference; lastKnownFileType = image.png; path = "Default@2x.png"; sourceTree = "<group>"; };
		D997418B1651D42F0034ABB0 /* Default-568h@2x.png */ = {isa = PBXFileReference; lastKnownFileType = image.png; path = "Default-568h@2x.png"; sourceTree = "<group>"; };
		D997419B1651D8520034ABB0 /* OWLoginViewController.h */ = {isa = PBXFileReference; fileEncoding = 4; lastKnownFileType = sourcecode.c.h; path = OWLoginViewController.h; sourceTree = "<group>"; };
		D997419C1651D8520034ABB0 /* OWLoginViewController.m */ = {isa = PBXFileReference; fileEncoding = 4; lastKnownFileType = sourcecode.c.objc; path = OWLoginViewController.m; sourceTree = "<group>"; };
		D997419F1651DB0B0034ABB0 /* OWSettingsViewController.h */ = {isa = PBXFileReference; fileEncoding = 4; lastKnownFileType = sourcecode.c.h; path = OWSettingsViewController.h; sourceTree = "<group>"; };
		D99741A01651DB0B0034ABB0 /* OWSettingsViewController.m */ = {isa = PBXFileReference; fileEncoding = 4; lastKnownFileType = sourcecode.c.objc; path = OWSettingsViewController.m; sourceTree = "<group>"; };
		D99741A21651DBC50034ABB0 /* OWStrings.h */ = {isa = PBXFileReference; lastKnownFileType = sourcecode.c.h; path = OWStrings.h; sourceTree = "<group>"; };
		D9D2E14D1652D7B80000E7C5 /* OWInLineTextEditTableViewCell.h */ = {isa = PBXFileReference; fileEncoding = 4; lastKnownFileType = sourcecode.c.h; path = OWInLineTextEditTableViewCell.h; sourceTree = "<group>"; };
		D9D2E14E1652D7B80000E7C5 /* OWInLineTextEditTableViewCell.m */ = {isa = PBXFileReference; fileEncoding = 4; lastKnownFileType = sourcecode.c.objc; path = OWInLineTextEditTableViewCell.m; sourceTree = "<group>"; };
		D9D2E1571652EA8A0000E7C5 /* SSKeychain.h */ = {isa = PBXFileReference; fileEncoding = 4; lastKnownFileType = sourcecode.c.h; path = SSKeychain.h; sourceTree = "<group>"; };
		D9D2E1581652EA8A0000E7C5 /* SSKeychain.m */ = {isa = PBXFileReference; fileEncoding = 4; lastKnownFileType = sourcecode.c.objc; path = SSKeychain.m; sourceTree = "<group>"; };
		D9D2E1761652EC130000E7C5 /* OWSettingsController.h */ = {isa = PBXFileReference; fileEncoding = 4; lastKnownFileType = sourcecode.c.h; path = OWSettingsController.h; sourceTree = "<group>"; };
		D9D2E1771652EC140000E7C5 /* OWSettingsController.m */ = {isa = PBXFileReference; fileEncoding = 4; lastKnownFileType = sourcecode.c.objc; path = OWSettingsController.m; sourceTree = "<group>"; };
		D9D2E1791652EC850000E7C5 /* OWAccount.h */ = {isa = PBXFileReference; fileEncoding = 4; lastKnownFileType = sourcecode.c.h; path = OWAccount.h; sourceTree = "<group>"; };
		D9D2E17A1652EC850000E7C5 /* OWAccount.m */ = {isa = PBXFileReference; fileEncoding = 4; lastKnownFileType = sourcecode.c.objc; path = OWAccount.m; sourceTree = "<group>"; };
		D9D2E1801652F8DA0000E7C5 /* Security.framework */ = {isa = PBXFileReference; lastKnownFileType = wrapper.framework; name = Security.framework; path = System/Library/Frameworks/Security.framework; sourceTree = SDKROOT; };
		D9D2E1861653236D0000E7C5 /* OWCaptureViewController.h */ = {isa = PBXFileReference; fileEncoding = 4; lastKnownFileType = sourcecode.c.h; path = OWCaptureViewController.h; sourceTree = "<group>"; };
		D9D2E1871653236E0000E7C5 /* OWCaptureViewController.m */ = {isa = PBXFileReference; fileEncoding = 4; lastKnownFileType = sourcecode.c.objc; path = OWCaptureViewController.m; sourceTree = "<group>"; };
		D9D2E18D165325280000E7C5 /* OWVideoProcessor.h */ = {isa = PBXFileReference; fileEncoding = 4; lastKnownFileType = sourcecode.c.h; path = OWVideoProcessor.h; sourceTree = "<group>"; };
		D9D2E18E165325280000E7C5 /* OWVideoProcessor.m */ = {isa = PBXFileReference; fileEncoding = 4; lastKnownFileType = sourcecode.c.objc; path = OWVideoProcessor.m; sourceTree = "<group>"; };
		D9D2E190165326A10000E7C5 /* OWAppleEncoder.h */ = {isa = PBXFileReference; fileEncoding = 4; lastKnownFileType = sourcecode.c.h; path = OWAppleEncoder.h; sourceTree = "<group>"; };
		D9D2E191165326A10000E7C5 /* OWAppleEncoder.m */ = {isa = PBXFileReference; fileEncoding = 4; lastKnownFileType = sourcecode.c.objc; path = OWAppleEncoder.m; sourceTree = "<group>"; };
		D9D2E192165326A10000E7C5 /* OWCaptureAPIClient.h */ = {isa = PBXFileReference; fileEncoding = 4; lastKnownFileType = sourcecode.c.h; path = OWCaptureAPIClient.h; sourceTree = "<group>"; };
		D9D2E193165326A20000E7C5 /* OWCaptureAPIClient.m */ = {isa = PBXFileReference; fileEncoding = 4; lastKnownFileType = sourcecode.c.objc; path = OWCaptureAPIClient.m; sourceTree = "<group>"; };
		D9D2E196165326BA0000E7C5 /* OWRecording.h */ = {isa = PBXFileReference; fileEncoding = 4; lastKnownFileType = sourcecode.c.h; path = OWRecording.h; sourceTree = "<group>"; };
		D9D2E197165326BA0000E7C5 /* OWRecording.m */ = {isa = PBXFileReference; fileEncoding = 4; lastKnownFileType = sourcecode.c.objc; path = OWRecording.m; sourceTree = "<group>"; };
		D9D2E198165326BB0000E7C5 /* OWRecordingController.h */ = {isa = PBXFileReference; fileEncoding = 4; lastKnownFileType = sourcecode.c.h; path = OWRecordingController.h; sourceTree = "<group>"; };
		D9D2E199165326BB0000E7C5 /* OWRecordingController.m */ = {isa = PBXFileReference; fileEncoding = 4; lastKnownFileType = sourcecode.c.objc; path = OWRecordingController.m; sourceTree = "<group>"; };
		D9D2E19A165326BB0000E7C5 /* OWRecordingListViewController.h */ = {isa = PBXFileReference; fileEncoding = 4; lastKnownFileType = sourcecode.c.h; path = OWRecordingListViewController.h; sourceTree = "<group>"; };
		D9D2E19B165326BB0000E7C5 /* OWRecordingListViewController.m */ = {isa = PBXFileReference; fileEncoding = 4; lastKnownFileType = sourcecode.c.objc; path = OWRecordingListViewController.m; sourceTree = "<group>"; };
		D9D2E19C165326BC0000E7C5 /* OWSegmentingAppleEncoder.h */ = {isa = PBXFileReference; fileEncoding = 4; lastKnownFileType = sourcecode.c.h; path = OWSegmentingAppleEncoder.h; sourceTree = "<group>"; };
		D9D2E19D165326BC0000E7C5 /* OWSegmentingAppleEncoder.m */ = {isa = PBXFileReference; fileEncoding = 4; lastKnownFileType = sourcecode.c.objc; path = OWSegmentingAppleEncoder.m; sourceTree = "<group>"; };
		D9D2E1A3165328BB0000E7C5 /* AFHTTPClient.h */ = {isa = PBXFileReference; fileEncoding = 4; lastKnownFileType = sourcecode.c.h; path = AFHTTPClient.h; sourceTree = "<group>"; };
		D9D2E1A4165328BB0000E7C5 /* AFHTTPClient.m */ = {isa = PBXFileReference; fileEncoding = 4; lastKnownFileType = sourcecode.c.objc; path = AFHTTPClient.m; sourceTree = "<group>"; };
		D9D2E1A5165328BB0000E7C5 /* AFHTTPRequestOperation.h */ = {isa = PBXFileReference; fileEncoding = 4; lastKnownFileType = sourcecode.c.h; path = AFHTTPRequestOperation.h; sourceTree = "<group>"; };
		D9D2E1A6165328BB0000E7C5 /* AFHTTPRequestOperation.m */ = {isa = PBXFileReference; fileEncoding = 4; lastKnownFileType = sourcecode.c.objc; path = AFHTTPRequestOperation.m; sourceTree = "<group>"; };
		D9D2E1A7165328BB0000E7C5 /* AFImageRequestOperation.h */ = {isa = PBXFileReference; fileEncoding = 4; lastKnownFileType = sourcecode.c.h; path = AFImageRequestOperation.h; sourceTree = "<group>"; };
		D9D2E1A8165328BB0000E7C5 /* AFImageRequestOperation.m */ = {isa = PBXFileReference; fileEncoding = 4; lastKnownFileType = sourcecode.c.objc; path = AFImageRequestOperation.m; sourceTree = "<group>"; };
		D9D2E1A9165328BB0000E7C5 /* AFJSONRequestOperation.h */ = {isa = PBXFileReference; fileEncoding = 4; lastKnownFileType = sourcecode.c.h; path = AFJSONRequestOperation.h; sourceTree = "<group>"; };
		D9D2E1AA165328BB0000E7C5 /* AFJSONRequestOperation.m */ = {isa = PBXFileReference; fileEncoding = 4; lastKnownFileType = sourcecode.c.objc; path = AFJSONRequestOperation.m; sourceTree = "<group>"; };
		D9D2E1AB165328BB0000E7C5 /* AFNetworkActivityIndicatorManager.h */ = {isa = PBXFileReference; fileEncoding = 4; lastKnownFileType = sourcecode.c.h; path = AFNetworkActivityIndicatorManager.h; sourceTree = "<group>"; };
		D9D2E1AC165328BB0000E7C5 /* AFNetworkActivityIndicatorManager.m */ = {isa = PBXFileReference; fileEncoding = 4; lastKnownFileType = sourcecode.c.objc; path = AFNetworkActivityIndicatorManager.m; sourceTree = "<group>"; };
		D9D2E1AD165328BB0000E7C5 /* AFNetworking.h */ = {isa = PBXFileReference; fileEncoding = 4; lastKnownFileType = sourcecode.c.h; path = AFNetworking.h; sourceTree = "<group>"; };
		D9D2E1AE165328BB0000E7C5 /* AFPropertyListRequestOperation.h */ = {isa = PBXFileReference; fileEncoding = 4; lastKnownFileType = sourcecode.c.h; path = AFPropertyListRequestOperation.h; sourceTree = "<group>"; };
		D9D2E1AF165328BB0000E7C5 /* AFPropertyListRequestOperation.m */ = {isa = PBXFileReference; fileEncoding = 4; lastKnownFileType = sourcecode.c.objc; path = AFPropertyListRequestOperation.m; sourceTree = "<group>"; };
		D9D2E1B0165328BB0000E7C5 /* AFURLConnectionOperation.h */ = {isa = PBXFileReference; fileEncoding = 4; lastKnownFileType = sourcecode.c.h; path = AFURLConnectionOperation.h; sourceTree = "<group>"; };
		D9D2E1B1165328BB0000E7C5 /* AFURLConnectionOperation.m */ = {isa = PBXFileReference; fileEncoding = 4; lastKnownFileType = sourcecode.c.objc; path = AFURLConnectionOperation.m; sourceTree = "<group>"; };
		D9D2E1B2165328BB0000E7C5 /* AFXMLRequestOperation.h */ = {isa = PBXFileReference; fileEncoding = 4; lastKnownFileType = sourcecode.c.h; path = AFXMLRequestOperation.h; sourceTree = "<group>"; };
		D9D2E1B3165328BB0000E7C5 /* AFXMLRequestOperation.m */ = {isa = PBXFileReference; fileEncoding = 4; lastKnownFileType = sourcecode.c.objc; path = AFXMLRequestOperation.m; sourceTree = "<group>"; };
		D9D2E1B4165328BB0000E7C5 /* UIImageView+AFNetworking.h */ = {isa = PBXFileReference; fileEncoding = 4; lastKnownFileType = sourcecode.c.h; path = "UIImageView+AFNetworking.h"; sourceTree = "<group>"; };
		D9D2E1B5165328BB0000E7C5 /* UIImageView+AFNetworking.m */ = {isa = PBXFileReference; fileEncoding = 4; lastKnownFileType = sourcecode.c.objc; path = "UIImageView+AFNetworking.m"; sourceTree = "<group>"; };
		D9D2E1C1165328CC0000E7C5 /* JSONKit.h */ = {isa = PBXFileReference; fileEncoding = 4; lastKnownFileType = sourcecode.c.h; path = JSONKit.h; sourceTree = "<group>"; };
		D9D2E1C2165328CC0000E7C5 /* JSONKit.m */ = {isa = PBXFileReference; fileEncoding = 4; lastKnownFileType = sourcecode.c.objc; path = JSONKit.m; sourceTree = "<group>"; };
		D9D2E1E2165328DE0000E7C5 /* MBProgressHUD.h */ = {isa = PBXFileReference; fileEncoding = 4; lastKnownFileType = sourcecode.c.h; path = MBProgressHUD.h; sourceTree = "<group>"; };
		D9D2E1E3165328DE0000E7C5 /* MBProgressHUD.m */ = {isa = PBXFileReference; fileEncoding = 4; lastKnownFileType = sourcecode.c.objc; path = MBProgressHUD.m; sourceTree = "<group>"; };
		D9D2E208165328FF0000E7C5 /* MobileCoreServices.framework */ = {isa = PBXFileReference; lastKnownFileType = wrapper.framework; name = MobileCoreServices.framework; path = System/Library/Frameworks/MobileCoreServices.framework; sourceTree = SDKROOT; };
		D9D2E20E165329280000E7C5 /* SystemConfiguration.framework */ = {isa = PBXFileReference; lastKnownFileType = wrapper.framework; name = SystemConfiguration.framework; path = System/Library/Frameworks/SystemConfiguration.framework; sourceTree = SDKROOT; };
		D9D2E210165329370000E7C5 /* CoreMedia.framework */ = {isa = PBXFileReference; lastKnownFileType = wrapper.framework; name = CoreMedia.framework; path = System/Library/Frameworks/CoreMedia.framework; sourceTree = SDKROOT; };
		D9D2E2121653293B0000E7C5 /* CoreVideo.framework */ = {isa = PBXFileReference; lastKnownFileType = wrapper.framework; name = CoreVideo.framework; path = System/Library/Frameworks/CoreVideo.framework; sourceTree = SDKROOT; };
		D9D2E214165329410000E7C5 /* CoreLocation.framework */ = {isa = PBXFileReference; lastKnownFileType = wrapper.framework; name = CoreLocation.framework; path = System/Library/Frameworks/CoreLocation.framework; sourceTree = SDKROOT; };
		D9D2E21616532A6A0000E7C5 /* AVFoundation.framework */ = {isa = PBXFileReference; lastKnownFileType = wrapper.framework; name = AVFoundation.framework; path = System/Library/Frameworks/AVFoundation.framework; sourceTree = SDKROOT; };
/* End PBXFileReference section */

/* Begin PBXFrameworksBuildPhase section */
		D997416E1651D42F0034ABB0 /* Frameworks */ = {
			isa = PBXFrameworksBuildPhase;
			buildActionMask = 2147483647;
			files = (
				D9D2E21716532A6B0000E7C5 /* AVFoundation.framework in Frameworks */,
				D9D2E215165329410000E7C5 /* CoreLocation.framework in Frameworks */,
				D9D2E2131653293B0000E7C5 /* CoreVideo.framework in Frameworks */,
				D9D2E211165329370000E7C5 /* CoreMedia.framework in Frameworks */,
				D9D2E20F165329280000E7C5 /* SystemConfiguration.framework in Frameworks */,
				D9D2E209165329000000E7C5 /* MobileCoreServices.framework in Frameworks */,
				D9D2E1811652F8DA0000E7C5 /* Security.framework in Frameworks */,
				D99741761651D42F0034ABB0 /* UIKit.framework in Frameworks */,
				D99741781651D42F0034ABB0 /* Foundation.framework in Frameworks */,
				D997417A1651D42F0034ABB0 /* CoreGraphics.framework in Frameworks */,
			);
			runOnlyForDeploymentPostprocessing = 0;
		};
/* End PBXFrameworksBuildPhase section */

/* Begin PBXGroup section */
		D99741661651D42E0034ABB0 = {
			isa = PBXGroup;
			children = (
				D997417B1651D42F0034ABB0 /* OpenWatch */,
				D9D2E1501652EA8A0000E7C5 /* Submodules */,
				D99741741651D42F0034ABB0 /* Frameworks */,
				D99741721651D42F0034ABB0 /* Products */,
			);
			sourceTree = "<group>";
		};
		D99741721651D42F0034ABB0 /* Products */ = {
			isa = PBXGroup;
			children = (
				D99741711651D42F0034ABB0 /* OpenWatch.app */,
			);
			name = Products;
			sourceTree = "<group>";
		};
		D99741741651D42F0034ABB0 /* Frameworks */ = {
			isa = PBXGroup;
			children = (
				D9D2E21616532A6A0000E7C5 /* AVFoundation.framework */,
				D9D2E214165329410000E7C5 /* CoreLocation.framework */,
				D9D2E2121653293B0000E7C5 /* CoreVideo.framework */,
				D9D2E210165329370000E7C5 /* CoreMedia.framework */,
				D9D2E20E165329280000E7C5 /* SystemConfiguration.framework */,
				D9D2E208165328FF0000E7C5 /* MobileCoreServices.framework */,
				D9D2E1801652F8DA0000E7C5 /* Security.framework */,
				D99741751651D42F0034ABB0 /* UIKit.framework */,
				D99741771651D42F0034ABB0 /* Foundation.framework */,
				D99741791651D42F0034ABB0 /* CoreGraphics.framework */,
			);
			name = Frameworks;
			sourceTree = "<group>";
		};
		D997417B1651D42F0034ABB0 /* OpenWatch */ = {
			isa = PBXGroup;
			children = (
				D9D2E21816532A870000E7C5 /* Data Model */,
				D9D2E21916532AA80000E7C5 /* Video Processing */,
				D9D2E21A16532ADF0000E7C5 /* Networking */,
				D9D2E21C16532B180000E7C5 /* Controllers */,
				D9D2E21D16532B220000E7C5 /* View Controllers */,
				D9D2E21B16532B090000E7C5 /* Custom Views */,
				D99741841651D42F0034ABB0 /* OWAppDelegate.h */,
				D99741851651D42F0034ABB0 /* OWAppDelegate.m */,
				D997417C1651D42F0034ABB0 /* Supporting Files */,
			);
			path = OpenWatch;
			sourceTree = "<group>";
		};
		D997417C1651D42F0034ABB0 /* Supporting Files */ = {
			isa = PBXGroup;
			children = (
				D997417D1651D42F0034ABB0 /* OpenWatch-Info.plist */,
				D997417E1651D42F0034ABB0 /* InfoPlist.strings */,
				D99741A21651DBC50034ABB0 /* OWStrings.h */,
				D99741811651D42F0034ABB0 /* main.m */,
				D99741831651D42F0034ABB0 /* OpenWatch-Prefix.pch */,
				D99741871651D42F0034ABB0 /* Default.png */,
				D99741891651D42F0034ABB0 /* Default@2x.png */,
				D997418B1651D42F0034ABB0 /* Default-568h@2x.png */,
			);
			name = "Supporting Files";
			sourceTree = "<group>";
		};
		D9D2E1501652EA8A0000E7C5 /* Submodules */ = {
			isa = PBXGroup;
			children = (
				D9D2E1C7165328DE0000E7C5 /* MBProgressHUD */,
				D9D2E1BF165328CC0000E7C5 /* JSONKit */,
				D9D2E1A2165328BB0000E7C5 /* AFNetworking */,
				D9D2E1511652EA8A0000E7C5 /* SSKeychain */,
			);
			path = Submodules;
			sourceTree = "<group>";
		};
		D9D2E1511652EA8A0000E7C5 /* SSKeychain */ = {
			isa = PBXGroup;
			children = (
				D9D2E1571652EA8A0000E7C5 /* SSKeychain.h */,
				D9D2E1581652EA8A0000E7C5 /* SSKeychain.m */,
			);
			path = SSKeychain;
			sourceTree = "<group>";
		};
		D9D2E1A2165328BB0000E7C5 /* AFNetworking */ = {
			isa = PBXGroup;
			children = (
				D9D2E1A3165328BB0000E7C5 /* AFHTTPClient.h */,
				D9D2E1A4165328BB0000E7C5 /* AFHTTPClient.m */,
				D9D2E1A5165328BB0000E7C5 /* AFHTTPRequestOperation.h */,
				D9D2E1A6165328BB0000E7C5 /* AFHTTPRequestOperation.m */,
				D9D2E1A7165328BB0000E7C5 /* AFImageRequestOperation.h */,
				D9D2E1A8165328BB0000E7C5 /* AFImageRequestOperation.m */,
				D9D2E1A9165328BB0000E7C5 /* AFJSONRequestOperation.h */,
				D9D2E1AA165328BB0000E7C5 /* AFJSONRequestOperation.m */,
				D9D2E1AB165328BB0000E7C5 /* AFNetworkActivityIndicatorManager.h */,
				D9D2E1AC165328BB0000E7C5 /* AFNetworkActivityIndicatorManager.m */,
				D9D2E1AD165328BB0000E7C5 /* AFNetworking.h */,
				D9D2E1AE165328BB0000E7C5 /* AFPropertyListRequestOperation.h */,
				D9D2E1AF165328BB0000E7C5 /* AFPropertyListRequestOperation.m */,
				D9D2E1B0165328BB0000E7C5 /* AFURLConnectionOperation.h */,
				D9D2E1B1165328BB0000E7C5 /* AFURLConnectionOperation.m */,
				D9D2E1B2165328BB0000E7C5 /* AFXMLRequestOperation.h */,
				D9D2E1B3165328BB0000E7C5 /* AFXMLRequestOperation.m */,
				D9D2E1B4165328BB0000E7C5 /* UIImageView+AFNetworking.h */,
				D9D2E1B5165328BB0000E7C5 /* UIImageView+AFNetworking.m */,
			);
			name = AFNetworking;
			path = AFNetworking/AFNetworking;
			sourceTree = "<group>";
		};
		D9D2E1BF165328CC0000E7C5 /* JSONKit */ = {
			isa = PBXGroup;
			children = (
				D9D2E1C1165328CC0000E7C5 /* JSONKit.h */,
				D9D2E1C2165328CC0000E7C5 /* JSONKit.m */,
			);
			path = JSONKit;
			sourceTree = "<group>";
		};
		D9D2E1C7165328DE0000E7C5 /* MBProgressHUD */ = {
			isa = PBXGroup;
			children = (
				D9D2E1E2165328DE0000E7C5 /* MBProgressHUD.h */,
				D9D2E1E3165328DE0000E7C5 /* MBProgressHUD.m */,
			);
			path = MBProgressHUD;
			sourceTree = "<group>";
		};
		D9D2E21816532A870000E7C5 /* Data Model */ = {
			isa = PBXGroup;
			children = (
				D9D2E196165326BA0000E7C5 /* OWRecording.h */,
				D9D2E197165326BA0000E7C5 /* OWRecording.m */,
				D9D2E1791652EC850000E7C5 /* OWAccount.h */,
				D9D2E17A1652EC850000E7C5 /* OWAccount.m */,
			);
			name = "Data Model";
			sourceTree = "<group>";
		};
		D9D2E21916532AA80000E7C5 /* Video Processing */ = {
			isa = PBXGroup;
			children = (
				D9D2E19C165326BC0000E7C5 /* OWSegmentingAppleEncoder.h */,
				D9D2E19D165326BC0000E7C5 /* OWSegmentingAppleEncoder.m */,
				D9D2E190165326A10000E7C5 /* OWAppleEncoder.h */,
				D9D2E191165326A10000E7C5 /* OWAppleEncoder.m */,
				D9D2E18D165325280000E7C5 /* OWVideoProcessor.h */,
				D9D2E18E165325280000E7C5 /* OWVideoProcessor.m */,
			);
			name = "Video Processing";
			sourceTree = "<group>";
		};
		D9D2E21A16532ADF0000E7C5 /* Networking */ = {
			isa = PBXGroup;
			children = (
				D9D2E192165326A10000E7C5 /* OWCaptureAPIClient.h */,
				D9D2E193165326A20000E7C5 /* OWCaptureAPIClient.m */,
			);
			name = Networking;
			sourceTree = "<group>";
		};
		D9D2E21B16532B090000E7C5 /* Custom Views */ = {
			isa = PBXGroup;
			children = (
				D9D2E14D1652D7B80000E7C5 /* OWInLineTextEditTableViewCell.h */,
				D9D2E14E1652D7B80000E7C5 /* OWInLineTextEditTableViewCell.m */,
			);
			name = "Custom Views";
			sourceTree = "<group>";
		};
		D9D2E21C16532B180000E7C5 /* Controllers */ = {
			isa = PBXGroup;
			children = (
				D9D2E198165326BB0000E7C5 /* OWRecordingController.h */,
				D9D2E199165326BB0000E7C5 /* OWRecordingController.m */,
				D9D2E1761652EC130000E7C5 /* OWSettingsController.h */,
				D9D2E1771652EC140000E7C5 /* OWSettingsController.m */,
			);
			name = Controllers;
			sourceTree = "<group>";
		};
		D9D2E21D16532B220000E7C5 /* View Controllers */ = {
			isa = PBXGroup;
			children = (
				D9D2E19A165326BB0000E7C5 /* OWRecordingListViewController.h */,
				D9D2E19B165326BB0000E7C5 /* OWRecordingListViewController.m */,
				D997419B1651D8520034ABB0 /* OWLoginViewController.h */,
				D997419C1651D8520034ABB0 /* OWLoginViewController.m */,
				D9D2E1861653236D0000E7C5 /* OWCaptureViewController.h */,
				D9D2E1871653236E0000E7C5 /* OWCaptureViewController.m */,
				D997419F1651DB0B0034ABB0 /* OWSettingsViewController.h */,
				D99741A01651DB0B0034ABB0 /* OWSettingsViewController.m */,
			);
			name = "View Controllers";
			sourceTree = "<group>";
		};
/* End PBXGroup section */

/* Begin PBXNativeTarget section */
		D99741701651D42F0034ABB0 /* OpenWatch */ = {
			isa = PBXNativeTarget;
			buildConfigurationList = D997418F1651D42F0034ABB0 /* Build configuration list for PBXNativeTarget "OpenWatch" */;
			buildPhases = (
				D997416D1651D42F0034ABB0 /* Sources */,
				D997416E1651D42F0034ABB0 /* Frameworks */,
				D997416F1651D42F0034ABB0 /* Resources */,
			);
			buildRules = (
			);
			dependencies = (
			);
			name = OpenWatch;
			productName = OpenWatch;
			productReference = D99741711651D42F0034ABB0 /* OpenWatch.app */;
			productType = "com.apple.product-type.application";
		};
/* End PBXNativeTarget section */

/* Begin PBXProject section */
		D99741681651D42E0034ABB0 /* Project object */ = {
			isa = PBXProject;
			attributes = {
				CLASSPREFIX = OW;
				LastUpgradeCheck = 0450;
				ORGANIZATIONNAME = "OpenWatch FPC";
			};
			buildConfigurationList = D997416B1651D42E0034ABB0 /* Build configuration list for PBXProject "OpenWatch" */;
			compatibilityVersion = "Xcode 3.2";
			developmentRegion = English;
			hasScannedForEncodings = 0;
			knownRegions = (
				en,
			);
			mainGroup = D99741661651D42E0034ABB0;
			productRefGroup = D99741721651D42F0034ABB0 /* Products */;
			projectDirPath = "";
			projectRoot = "";
			targets = (
				D99741701651D42F0034ABB0 /* OpenWatch */,
			);
		};
/* End PBXProject section */

/* Begin PBXResourcesBuildPhase section */
		D997416F1651D42F0034ABB0 /* Resources */ = {
			isa = PBXResourcesBuildPhase;
			buildActionMask = 2147483647;
			files = (
				D99741801651D42F0034ABB0 /* InfoPlist.strings in Resources */,
				D99741881651D42F0034ABB0 /* Default.png in Resources */,
				D997418A1651D42F0034ABB0 /* Default@2x.png in Resources */,
				D997418C1651D42F0034ABB0 /* Default-568h@2x.png in Resources */,
			);
			runOnlyForDeploymentPostprocessing = 0;
		};
/* End PBXResourcesBuildPhase section */

/* Begin PBXSourcesBuildPhase section */
		D997416D1651D42F0034ABB0 /* Sources */ = {
			isa = PBXSourcesBuildPhase;
			buildActionMask = 2147483647;
			files = (
				D99741821651D42F0034ABB0 /* main.m in Sources */,
				D99741861651D42F0034ABB0 /* OWAppDelegate.m in Sources */,
				D997419D1651D8520034ABB0 /* OWLoginViewController.m in Sources */,
				D99741A11651DB0B0034ABB0 /* OWSettingsViewController.m in Sources */,
				D9D2E14F1652D7B80000E7C5 /* OWInLineTextEditTableViewCell.m in Sources */,
				D9D2E16A1652EA8B0000E7C5 /* SSKeychain.m in Sources */,
				D9D2E1781652EC140000E7C5 /* OWSettingsController.m in Sources */,
				D9D2E17B1652EC850000E7C5 /* OWAccount.m in Sources */,
				D9D2E1881653236E0000E7C5 /* OWCaptureViewController.m in Sources */,
				D9D2E18F165325280000E7C5 /* OWVideoProcessor.m in Sources */,
				D9D2E194165326A20000E7C5 /* OWAppleEncoder.m in Sources */,
				D9D2E195165326A20000E7C5 /* OWCaptureAPIClient.m in Sources */,
				D9D2E19E165326BC0000E7C5 /* OWRecording.m in Sources */,
				D9D2E19F165326BC0000E7C5 /* OWRecordingController.m in Sources */,
				D9D2E1A0165326BC0000E7C5 /* OWRecordingListViewController.m in Sources */,
				D9D2E1A1165326BC0000E7C5 /* OWSegmentingAppleEncoder.m in Sources */,
				D9D2E1B6165328BB0000E7C5 /* AFHTTPClient.m in Sources */,
				D9D2E1B7165328BB0000E7C5 /* AFHTTPRequestOperation.m in Sources */,
				D9D2E1B8165328BB0000E7C5 /* AFImageRequestOperation.m in Sources */,
				D9D2E1B9165328BB0000E7C5 /* AFJSONRequestOperation.m in Sources */,
				D9D2E1BA165328BB0000E7C5 /* AFNetworkActivityIndicatorManager.m in Sources */,
				D9D2E1BB165328BB0000E7C5 /* AFPropertyListRequestOperation.m in Sources */,
				D9D2E1BC165328BB0000E7C5 /* AFURLConnectionOperation.m in Sources */,
				D9D2E1BD165328BB0000E7C5 /* AFXMLRequestOperation.m in Sources */,
				D9D2E1BE165328BB0000E7C5 /* UIImageView+AFNetworking.m in Sources */,
				D9D2E1C5165328CC0000E7C5 /* JSONKit.m in Sources */,
				D9D2E1FF165328DE0000E7C5 /* MBProgressHUD.m in Sources */,
			);
			runOnlyForDeploymentPostprocessing = 0;
		};
/* End PBXSourcesBuildPhase section */

/* Begin PBXVariantGroup section */
		D997417E1651D42F0034ABB0 /* InfoPlist.strings */ = {
			isa = PBXVariantGroup;
			children = (
				D997417F1651D42F0034ABB0 /* en */,
			);
			name = InfoPlist.strings;
			sourceTree = "<group>";
		};
/* End PBXVariantGroup section */

/* Begin XCBuildConfiguration section */
		D997418D1651D42F0034ABB0 /* Debug */ = {
			isa = XCBuildConfiguration;
			buildSettings = {
				ALWAYS_SEARCH_USER_PATHS = NO;
				CLANG_CXX_LANGUAGE_STANDARD = "gnu++0x";
				CLANG_CXX_LIBRARY = "libc++";
				CLANG_ENABLE_OBJC_ARC = YES;
				CLANG_WARN_EMPTY_BODY = YES;
				CLANG_WARN__DUPLICATE_METHOD_MATCH = YES;
				"CODE_SIGN_IDENTITY[sdk=iphoneos*]" = "iPhone Developer";
				COPY_PHASE_STRIP = NO;
				GCC_C_LANGUAGE_STANDARD = gnu99;
				GCC_DYNAMIC_NO_PIC = NO;
				GCC_OPTIMIZATION_LEVEL = 0;
				GCC_PREPROCESSOR_DEFINITIONS = (
					"DEBUG=1",
					"$(inherited)",
				);
				GCC_SYMBOLS_PRIVATE_EXTERN = NO;
				GCC_WARN_ABOUT_RETURN_TYPE = YES;
				GCC_WARN_UNINITIALIZED_AUTOS = YES;
				GCC_WARN_UNUSED_VARIABLE = YES;
				IPHONEOS_DEPLOYMENT_TARGET = 6.0;
				ONLY_ACTIVE_ARCH = YES;
				SDKROOT = iphoneos;
				TARGETED_DEVICE_FAMILY = "1,2";
			};
			name = Debug;
		};
		D997418E1651D42F0034ABB0 /* Release */ = {
			isa = XCBuildConfiguration;
			buildSettings = {
				ALWAYS_SEARCH_USER_PATHS = NO;
				CLANG_CXX_LANGUAGE_STANDARD = "gnu++0x";
				CLANG_CXX_LIBRARY = "libc++";
				CLANG_ENABLE_OBJC_ARC = YES;
				CLANG_WARN_EMPTY_BODY = YES;
				CLANG_WARN__DUPLICATE_METHOD_MATCH = YES;
				"CODE_SIGN_IDENTITY[sdk=iphoneos*]" = "iPhone Developer";
				COPY_PHASE_STRIP = YES;
				GCC_C_LANGUAGE_STANDARD = gnu99;
				GCC_WARN_ABOUT_RETURN_TYPE = YES;
				GCC_WARN_UNINITIALIZED_AUTOS = YES;
				GCC_WARN_UNUSED_VARIABLE = YES;
				IPHONEOS_DEPLOYMENT_TARGET = 6.0;
				OTHER_CFLAGS = "-DNS_BLOCK_ASSERTIONS=1";
				SDKROOT = iphoneos;
				TARGETED_DEVICE_FAMILY = "1,2";
				VALIDATE_PRODUCT = YES;
			};
			name = Release;
		};
		D99741901651D42F0034ABB0 /* Debug */ = {
			isa = XCBuildConfiguration;
			buildSettings = {
				GCC_PRECOMPILE_PREFIX_HEADER = YES;
				GCC_PREFIX_HEADER = "OpenWatch/OpenWatch-Prefix.pch";
				INFOPLIST_FILE = "OpenWatch/OpenWatch-Info.plist";
				IPHONEOS_DEPLOYMENT_TARGET = 5.0;
				PRODUCT_NAME = "$(TARGET_NAME)";
				WRAPPER_EXTENSION = app;
			};
			name = Debug;
		};
		D99741911651D42F0034ABB0 /* Release */ = {
			isa = XCBuildConfiguration;
			buildSettings = {
				GCC_PRECOMPILE_PREFIX_HEADER = YES;
				GCC_PREFIX_HEADER = "OpenWatch/OpenWatch-Prefix.pch";
				INFOPLIST_FILE = "OpenWatch/OpenWatch-Info.plist";
				IPHONEOS_DEPLOYMENT_TARGET = 5.0;
				PRODUCT_NAME = "$(TARGET_NAME)";
				WRAPPER_EXTENSION = app;
			};
			name = Release;
		};
/* End XCBuildConfiguration section */

/* Begin XCConfigurationList section */
		D997416B1651D42E0034ABB0 /* Build configuration list for PBXProject "OpenWatch" */ = {
			isa = XCConfigurationList;
			buildConfigurations = (
				D997418D1651D42F0034ABB0 /* Debug */,
				D997418E1651D42F0034ABB0 /* Release */,
			);
			defaultConfigurationIsVisible = 0;
			defaultConfigurationName = Release;
		};
		D997418F1651D42F0034ABB0 /* Build configuration list for PBXNativeTarget "OpenWatch" */ = {
			isa = XCConfigurationList;
			buildConfigurations = (
				D99741901651D42F0034ABB0 /* Debug */,
				D99741911651D42F0034ABB0 /* Release */,
			);
			defaultConfigurationIsVisible = 0;
			defaultConfigurationName = Release;
		};
/* End XCConfigurationList section */
	};
	rootObject = D99741681651D42E0034ABB0 /* Project object */;
}
